
Microsoft Visual Studio Solution File, Format Version 12.00
# Visual Studio Version 16
VisualStudioVersion = 16.0.30804.86
MinimumVisualStudioVersion = 10.0.40219.1
Project("{FAE04EC0-301F-11D3-BF4B-00C04F79EFBC}") = "QuizServer", "QuizServer.csproj", "{9297B4DC-0891-4672-9BD5-F6DF29D46406}"
EndProject
Global
	GlobalSection(SolutionConfigurationPlatforms) = preSolution
		Debug|Any CPU = Debug|Any CPU
		Release|Any CPU = Release|Any CPU
	EndGlobalSection
	GlobalSection(ProjectConfigurationPlatforms) = postSolution
		{9297B4DC-0891-4672-9BD5-F6DF29D46406}.Debug|Any CPU.ActiveCfg = Debug|Any CPU
		{9297B4DC-0891-4672-9BD5-F6DF29D46406}.Debug|Any CPU.Build.0 = Debug|Any CPU
		{9297B4DC-0891-4672-9BD5-F6DF29D46406}.Release|Any CPU.ActiveCfg = Release|Any CPU
		{9297B4DC-0891-4672-9BD5-F6DF29D46406}.Release|Any CPU.Build.0 = Release|Any CPU
	EndGlobalSection
	GlobalSection(SolutionProperties) = preSolution
		HideSolutionNode = FALSE
	EndGlobalSection
	GlobalSection(ExtensibilityGlobals) = postSolution
		SolutionGuid = {C4150C73-0B49-4259-AD70-EF34196936D9}
	EndGlobalSection
EndGlobal
